// !$*UTF8*$!
{
	archiveVersion = 1;
	classes = {
	};
	objectVersion = 46;
	objects = {

/* Begin PBXBuildFile section */
		D4C178F01E6C4918007419B9 /* AppDelegate.m in Sources */ = {isa = PBXBuildFile; fileRef = D4C178EF1E6C4918007419B9 /* AppDelegate.m */; };
		D4C178F31E6C4918007419B9 /* main.m in Sources */ = {isa = PBXBuildFile; fileRef = D4C178F21E6C4918007419B9 /* main.m */; };
		D4C178F61E6C4918007419B9 /* ViewController.m in Sources */ = {isa = PBXBuildFile; fileRef = D4C178F51E6C4918007419B9 /* ViewController.m */; };
		D4C178F81E6C4918007419B9 /* Assets.xcassets in Resources */ = {isa = PBXBuildFile; fileRef = D4C178F71E6C4918007419B9 /* Assets.xcassets */; };
		D4C178FB1E6C4918007419B9 /* Main.storyboard in Resources */ = {isa = PBXBuildFile; fileRef = D4C178F91E6C4918007419B9 /* Main.storyboard */; };
		D4C179041E6C497C007419B9 /* LibXL.framework in Frameworks */ = {isa = PBXBuildFile; fileRef = D4C179021E6C4940007419B9 /* LibXL.framework */; };
		D4C179051E6C497C007419B9 /* LibXL.framework in Embed Frameworks */ = {isa = PBXBuildFile; fileRef = D4C179021E6C4940007419B9 /* LibXL.framework */; settings = {ATTRIBUTES = (CodeSignOnCopy, RemoveHeadersOnCopy, ); }; };
		D4C179221E6F0664007419B9 /* Info.plist in Resources */ = {isa = PBXBuildFile; fileRef = D4C179081E6F0664007419B9 /* Info.plist */; };
		D4C179231E6F0664007419B9 /* MASCompositeConstraint.m in Sources */ = {isa = PBXBuildFile; fileRef = D4C1790A1E6F0664007419B9 /* MASCompositeConstraint.m */; };
		D4C179241E6F0664007419B9 /* MASConstraint.m in Sources */ = {isa = PBXBuildFile; fileRef = D4C1790D1E6F0664007419B9 /* MASConstraint.m */; };
		D4C179251E6F0664007419B9 /* MASConstraintMaker.m in Sources */ = {isa = PBXBuildFile; fileRef = D4C1790F1E6F0664007419B9 /* MASConstraintMaker.m */; };
		D4C179261E6F0664007419B9 /* MASLayoutConstraint.m in Sources */ = {isa = PBXBuildFile; fileRef = D4C179111E6F0664007419B9 /* MASLayoutConstraint.m */; };
		D4C179271E6F0664007419B9 /* MASViewAttribute.m in Sources */ = {isa = PBXBuildFile; fileRef = D4C179151E6F0664007419B9 /* MASViewAttribute.m */; };
		D4C179281E6F0664007419B9 /* MASViewConstraint.m in Sources */ = {isa = PBXBuildFile; fileRef = D4C179171E6F0664007419B9 /* MASViewConstraint.m */; };
		D4C179291E6F0664007419B9 /* NSArray+MASAdditions.m in Sources */ = {isa = PBXBuildFile; fileRef = D4C179191E6F0664007419B9 /* NSArray+MASAdditions.m */; };
		D4C1792A1E6F0664007419B9 /* NSLayoutConstraint+MASDebugAdditions.m in Sources */ = {isa = PBXBuildFile; fileRef = D4C1791C1E6F0664007419B9 /* NSLayoutConstraint+MASDebugAdditions.m */; };
		D4C1792B1E6F0664007419B9 /* View+MASAdditions.m in Sources */ = {isa = PBXBuildFile; fileRef = D4C1791E1E6F0664007419B9 /* View+MASAdditions.m */; };
		D4C1792C1E6F0664007419B9 /* ViewController+MASAdditions.m in Sources */ = {isa = PBXBuildFile; fileRef = D4C179211E6F0664007419B9 /* ViewController+MASAdditions.m */; };
/* End PBXBuildFile section */

/* Begin PBXCopyFilesBuildPhase section */
		D4C179061E6C497C007419B9 /* Embed Frameworks */ = {
			isa = PBXCopyFilesBuildPhase;
			buildActionMask = 2147483647;
			dstPath = "";
			dstSubfolderSpec = 10;
			files = (
				D4C179051E6C497C007419B9 /* LibXL.framework in Embed Frameworks */,
			);
			name = "Embed Frameworks";
			runOnlyForDeploymentPostprocessing = 0;
		};
/* End PBXCopyFilesBuildPhase section */

/* Begin PBXFileReference section */
		D4C178EB1E6C4918007419B9 /* ExcelMergeTool.app */ = {isa = PBXFileReference; explicitFileType = wrapper.application; includeInIndex = 0; path = ExcelMergeTool.app; sourceTree = BUILT_PRODUCTS_DIR; };
		D4C178EE1E6C4918007419B9 /* AppDelegate.h */ = {isa = PBXFileReference; lastKnownFileType = sourcecode.c.h; path = AppDelegate.h; sourceTree = "<group>"; };
		D4C178EF1E6C4918007419B9 /* AppDelegate.m */ = {isa = PBXFileReference; lastKnownFileType = sourcecode.c.objc; path = AppDelegate.m; sourceTree = "<group>"; };
		D4C178F21E6C4918007419B9 /* main.m */ = {isa = PBXFileReference; lastKnownFileType = sourcecode.c.objc; path = main.m; sourceTree = "<group>"; };
		D4C178F41E6C4918007419B9 /* ViewController.h */ = {isa = PBXFileReference; lastKnownFileType = sourcecode.c.h; path = ViewController.h; sourceTree = "<group>"; };
		D4C178F51E6C4918007419B9 /* ViewController.m */ = {isa = PBXFileReference; lastKnownFileType = sourcecode.c.objc; path = ViewController.m; sourceTree = "<group>"; };
		D4C178F71E6C4918007419B9 /* Assets.xcassets */ = {isa = PBXFileReference; lastKnownFileType = folder.assetcatalog; path = Assets.xcassets; sourceTree = "<group>"; };
		D4C178FA1E6C4918007419B9 /* Base */ = {isa = PBXFileReference; lastKnownFileType = file.storyboard; name = Base; path = Base.lproj/Main.storyboard; sourceTree = "<group>"; };
		D4C178FC1E6C4918007419B9 /* Info.plist */ = {isa = PBXFileReference; lastKnownFileType = text.plist.xml; path = Info.plist; sourceTree = "<group>"; };
		D4C179021E6C4940007419B9 /* LibXL.framework */ = {isa = PBXFileReference; lastKnownFileType = wrapper.framework; path = LibXL.framework; sourceTree = "<group>"; };
		D4C179081E6F0664007419B9 /* Info.plist */ = {isa = PBXFileReference; fileEncoding = 4; lastKnownFileType = text.plist.xml; path = Info.plist; sourceTree = "<group>"; };
		D4C179091E6F0664007419B9 /* MASCompositeConstraint.h */ = {isa = PBXFileReference; fileEncoding = 4; lastKnownFileType = sourcecode.c.h; path = MASCompositeConstraint.h; sourceTree = "<group>"; };
		D4C1790A1E6F0664007419B9 /* MASCompositeConstraint.m */ = {isa = PBXFileReference; fileEncoding = 4; lastKnownFileType = sourcecode.c.objc; path = MASCompositeConstraint.m; sourceTree = "<group>"; };
		D4C1790B1E6F0664007419B9 /* MASConstraint+Private.h */ = {isa = PBXFileReference; fileEncoding = 4; lastKnownFileType = sourcecode.c.h; path = "MASConstraint+Private.h"; sourceTree = "<group>"; };
		D4C1790C1E6F0664007419B9 /* MASConstraint.h */ = {isa = PBXFileReference; fileEncoding = 4; lastKnownFileType = sourcecode.c.h; path = MASConstraint.h; sourceTree = "<group>"; };
		D4C1790D1E6F0664007419B9 /* MASConstraint.m */ = {isa = PBXFileReference; fileEncoding = 4; lastKnownFileType = sourcecode.c.objc; path = MASConstraint.m; sourceTree = "<group>"; };
		D4C1790E1E6F0664007419B9 /* MASConstraintMaker.h */ = {isa = PBXFileReference; fileEncoding = 4; lastKnownFileType = sourcecode.c.h; path = MASConstraintMaker.h; sourceTree = "<group>"; };
		D4C1790F1E6F0664007419B9 /* MASConstraintMaker.m */ = {isa = PBXFileReference; fileEncoding = 4; lastKnownFileType = sourcecode.c.objc; path = MASConstraintMaker.m; sourceTree = "<group>"; };
		D4C179101E6F0664007419B9 /* MASLayoutConstraint.h */ = {isa = PBXFileReference; fileEncoding = 4; lastKnownFileType = sourcecode.c.h; path = MASLayoutConstraint.h; sourceTree = "<group>"; };
		D4C179111E6F0664007419B9 /* MASLayoutConstraint.m */ = {isa = PBXFileReference; fileEncoding = 4; lastKnownFileType = sourcecode.c.objc; path = MASLayoutConstraint.m; sourceTree = "<group>"; };
		D4C179121E6F0664007419B9 /* Masonry.h */ = {isa = PBXFileReference; fileEncoding = 4; lastKnownFileType = sourcecode.c.h; path = Masonry.h; sourceTree = "<group>"; };
		D4C179131E6F0664007419B9 /* MASUtilities.h */ = {isa = PBXFileReference; fileEncoding = 4; lastKnownFileType = sourcecode.c.h; path = MASUtilities.h; sourceTree = "<group>"; };
		D4C179141E6F0664007419B9 /* MASViewAttribute.h */ = {isa = PBXFileReference; fileEncoding = 4; lastKnownFileType = sourcecode.c.h; path = MASViewAttribute.h; sourceTree = "<group>"; };
		D4C179151E6F0664007419B9 /* MASViewAttribute.m */ = {isa = PBXFileReference; fileEncoding = 4; lastKnownFileType = sourcecode.c.objc; path = MASViewAttribute.m; sourceTree = "<group>"; };
		D4C179161E6F0664007419B9 /* MASViewConstraint.h */ = {isa = PBXFileReference; fileEncoding = 4; lastKnownFileType = sourcecode.c.h; path = MASViewConstraint.h; sourceTree = "<group>"; };
		D4C179171E6F0664007419B9 /* MASViewConstraint.m */ = {isa = PBXFileReference; fileEncoding = 4; lastKnownFileType = sourcecode.c.objc; path = MASViewConstraint.m; sourceTree = "<group>"; };
		D4C179181E6F0664007419B9 /* NSArray+MASAdditions.h */ = {isa = PBXFileReference; fileEncoding = 4; lastKnownFileType = sourcecode.c.h; path = "NSArray+MASAdditions.h"; sourceTree = "<group>"; };
		D4C179191E6F0664007419B9 /* NSArray+MASAdditions.m */ = {isa = PBXFileReference; fileEncoding = 4; lastKnownFileType = sourcecode.c.objc; path = "NSArray+MASAdditions.m"; sourceTree = "<group>"; };
		D4C1791A1E6F0664007419B9 /* NSArray+MASShorthandAdditions.h */ = {isa = PBXFileReference; fileEncoding = 4; lastKnownFileType = sourcecode.c.h; path = "NSArray+MASShorthandAdditions.h"; sourceTree = "<group>"; };
		D4C1791B1E6F0664007419B9 /* NSLayoutConstraint+MASDebugAdditions.h */ = {isa = PBXFileReference; fileEncoding = 4; lastKnownFileType = sourcecode.c.h; path = "NSLayoutConstraint+MASDebugAdditions.h"; sourceTree = "<group>"; };
		D4C1791C1E6F0664007419B9 /* NSLayoutConstraint+MASDebugAdditions.m */ = {isa = PBXFileReference; fileEncoding = 4; lastKnownFileType = sourcecode.c.objc; path = "NSLayoutConstraint+MASDebugAdditions.m"; sourceTree = "<group>"; };
		D4C1791D1E6F0664007419B9 /* View+MASAdditions.h */ = {isa = PBXFileReference; fileEncoding = 4; lastKnownFileType = sourcecode.c.h; path = "View+MASAdditions.h"; sourceTree = "<group>"; };
		D4C1791E1E6F0664007419B9 /* View+MASAdditions.m */ = {isa = PBXFileReference; fileEncoding = 4; lastKnownFileType = sourcecode.c.objc; path = "View+MASAdditions.m"; sourceTree = "<group>"; };
		D4C1791F1E6F0664007419B9 /* View+MASShorthandAdditions.h */ = {isa = PBXFileReference; fileEncoding = 4; lastKnownFileType = sourcecode.c.h; path = "View+MASShorthandAdditions.h"; sourceTree = "<group>"; };
		D4C179201E6F0664007419B9 /* ViewController+MASAdditions.h */ = {isa = PBXFileReference; fileEncoding = 4; lastKnownFileType = sourcecode.c.h; path = "ViewController+MASAdditions.h"; sourceTree = "<group>"; };
		D4C179211E6F0664007419B9 /* ViewController+MASAdditions.m */ = {isa = PBXFileReference; fileEncoding = 4; lastKnownFileType = sourcecode.c.objc; path = "ViewController+MASAdditions.m"; sourceTree = "<group>"; };
/* End PBXFileReference section */

/* Begin PBXFrameworksBuildPhase section */
		D4C178E81E6C4918007419B9 /* Frameworks */ = {
			isa = PBXFrameworksBuildPhase;
			buildActionMask = 2147483647;
			files = (
				D4C179041E6C497C007419B9 /* LibXL.framework in Frameworks */,
			);
			runOnlyForDeploymentPostprocessing = 0;
		};
/* End PBXFrameworksBuildPhase section */

/* Begin PBXGroup section */
		D4C178E21E6C4918007419B9 = {
			isa = PBXGroup;
			children = (
				D4C178ED1E6C4918007419B9 /* ExcelMergeTool */,
				D4C178EC1E6C4918007419B9 /* Products */,
			);
			sourceTree = "<group>";
		};
		D4C178EC1E6C4918007419B9 /* Products */ = {
			isa = PBXGroup;
			children = (
				D4C178EB1E6C4918007419B9 /* ExcelMergeTool.app */,
			);
			name = Products;
			sourceTree = "<group>";
		};
		D4C178ED1E6C4918007419B9 /* ExcelMergeTool */ = {
			isa = PBXGroup;
			children = (
				D4C179071E6F0664007419B9 /* Masonry */,
				D4C179021E6C4940007419B9 /* LibXL.framework */,
				D4C178EE1E6C4918007419B9 /* AppDelegate.h */,
				D4C178EF1E6C4918007419B9 /* AppDelegate.m */,
				D4C178F41E6C4918007419B9 /* ViewController.h */,
				D4C178F51E6C4918007419B9 /* ViewController.m */,
				D4C178F71E6C4918007419B9 /* Assets.xcassets */,
				D4C178F91E6C4918007419B9 /* Main.storyboard */,
				D4C178FC1E6C4918007419B9 /* Info.plist */,
				D4C178F11E6C4918007419B9 /* Supporting Files */,
			);
			path = ExcelMergeTool;
			sourceTree = "<group>";
		};
		D4C178F11E6C4918007419B9 /* Supporting Files */ = {
			isa = PBXGroup;
			children = (
				D4C178F21E6C4918007419B9 /* main.m */,
			);
			name = "Supporting Files";
			sourceTree = "<group>";
		};
		D4C179071E6F0664007419B9 /* Masonry */ = {
			isa = PBXGroup;
			children = (
				D4C179081E6F0664007419B9 /* Info.plist */,
				D4C179091E6F0664007419B9 /* MASCompositeConstraint.h */,
				D4C1790A1E6F0664007419B9 /* MASCompositeConstraint.m */,
				D4C1790B1E6F0664007419B9 /* MASConstraint+Private.h */,
				D4C1790C1E6F0664007419B9 /* MASConstraint.h */,
				D4C1790D1E6F0664007419B9 /* MASConstraint.m */,
				D4C1790E1E6F0664007419B9 /* MASConstraintMaker.h */,
				D4C1790F1E6F0664007419B9 /* MASConstraintMaker.m */,
				D4C179101E6F0664007419B9 /* MASLayoutConstraint.h */,
				D4C179111E6F0664007419B9 /* MASLayoutConstraint.m */,
				D4C179121E6F0664007419B9 /* Masonry.h */,
				D4C179131E6F0664007419B9 /* MASUtilities.h */,
				D4C179141E6F0664007419B9 /* MASViewAttribute.h */,
				D4C179151E6F0664007419B9 /* MASViewAttribute.m */,
				D4C179161E6F0664007419B9 /* MASViewConstraint.h */,
				D4C179171E6F0664007419B9 /* MASViewConstraint.m */,
				D4C179181E6F0664007419B9 /* NSArray+MASAdditions.h */,
				D4C179191E6F0664007419B9 /* NSArray+MASAdditions.m */,
				D4C1791A1E6F0664007419B9 /* NSArray+MASShorthandAdditions.h */,
				D4C1791B1E6F0664007419B9 /* NSLayoutConstraint+MASDebugAdditions.h */,
				D4C1791C1E6F0664007419B9 /* NSLayoutConstraint+MASDebugAdditions.m */,
				D4C1791D1E6F0664007419B9 /* View+MASAdditions.h */,
				D4C1791E1E6F0664007419B9 /* View+MASAdditions.m */,
				D4C1791F1E6F0664007419B9 /* View+MASShorthandAdditions.h */,
				D4C179201E6F0664007419B9 /* ViewController+MASAdditions.h */,
				D4C179211E6F0664007419B9 /* ViewController+MASAdditions.m */,
			);
			path = Masonry;
			sourceTree = "<group>";
		};
/* End PBXGroup section */

/* Begin PBXNativeTarget section */
		D4C178EA1E6C4918007419B9 /* ExcelMergeTool */ = {
			isa = PBXNativeTarget;
			buildConfigurationList = D4C178FF1E6C4918007419B9 /* Build configuration list for PBXNativeTarget "ExcelMergeTool" */;
			buildPhases = (
				D4C178E71E6C4918007419B9 /* Sources */,
				D4C178E81E6C4918007419B9 /* Frameworks */,
				D4C178E91E6C4918007419B9 /* Resources */,
				D4C179061E6C497C007419B9 /* Embed Frameworks */,
			);
			buildRules = (
			);
			dependencies = (
			);
			name = ExcelMergeTool;
			productName = ExcelMergeTool;
			productReference = D4C178EB1E6C4918007419B9 /* ExcelMergeTool.app */;
			productType = "com.apple.product-type.application";
		};
/* End PBXNativeTarget section */

/* Begin PBXProject section */
		D4C178E31E6C4918007419B9 /* Project object */ = {
			isa = PBXProject;
			attributes = {
				LastUpgradeCheck = 0820;
				ORGANIZATIONNAME = "马权";
				TargetAttributes = {
					D4C178EA1E6C4918007419B9 = {
						CreatedOnToolsVersion = 8.2.1;
						DevelopmentTeam = 47A7JUUJ9E;
						ProvisioningStyle = Automatic;
					};
				};
			};
			buildConfigurationList = D4C178E61E6C4918007419B9 /* Build configuration list for PBXProject "ExcelMergeTool" */;
			compatibilityVersion = "Xcode 3.2";
			developmentRegion = English;
			hasScannedForEncodings = 0;
			knownRegions = (
				en,
				Base,
			);
			mainGroup = D4C178E21E6C4918007419B9;
			productRefGroup = D4C178EC1E6C4918007419B9 /* Products */;
			projectDirPath = "";
			projectRoot = "";
			targets = (
				D4C178EA1E6C4918007419B9 /* ExcelMergeTool */,
			);
		};
/* End PBXProject section */

/* Begin PBXResourcesBuildPhase section */
		D4C178E91E6C4918007419B9 /* Resources */ = {
			isa = PBXResourcesBuildPhase;
			buildActionMask = 2147483647;
			files = (
				D4C178F81E6C4918007419B9 /* Assets.xcassets in Resources */,
				D4C178FB1E6C4918007419B9 /* Main.storyboard in Resources */,
				D4C179221E6F0664007419B9 /* Info.plist in Resources */,
			);
			runOnlyForDeploymentPostprocessing = 0;
		};
/* End PBXResourcesBuildPhase section */

/* Begin PBXSourcesBuildPhase section */
		D4C178E71E6C4918007419B9 /* Sources */ = {
			isa = PBXSourcesBuildPhase;
			buildActionMask = 2147483647;
			files = (
				D4C1792A1E6F0664007419B9 /* NSLayoutConstraint+MASDebugAdditions.m in Sources */,
				D4C179281E6F0664007419B9 /* MASViewConstraint.m in Sources */,
				D4C179231E6F0664007419B9 /* MASCompositeConstraint.m in Sources */,
				D4C179291E6F0664007419B9 /* NSArray+MASAdditions.m in Sources */,
				D4C178F61E6C4918007419B9 /* ViewController.m in Sources */,
				D4C178F31E6C4918007419B9 /* main.m in Sources */,
				D4C179261E6F0664007419B9 /* MASLayoutConstraint.m in Sources */,
				D4C178F01E6C4918007419B9 /* AppDelegate.m in Sources */,
				D4C1792C1E6F0664007419B9 /* ViewController+MASAdditions.m in Sources */,
				D4C1792B1E6F0664007419B9 /* View+MASAdditions.m in Sources */,
				D4C179271E6F0664007419B9 /* MASViewAttribute.m in Sources */,
				D4C179241E6F0664007419B9 /* MASConstraint.m in Sources */,
				D4C179251E6F0664007419B9 /* MASConstraintMaker.m in Sources */,
			);
			runOnlyForDeploymentPostprocessing = 0;
		};
/* End PBXSourcesBuildPhase section */

/* Begin PBXVariantGroup section */
		D4C178F91E6C4918007419B9 /* Main.storyboard */ = {
			isa = PBXVariantGroup;
			children = (
				D4C178FA1E6C4918007419B9 /* Base */,
			);
			name = Main.storyboard;
			sourceTree = "<group>";
		};
/* End PBXVariantGroup section */

/* Begin XCBuildConfiguration section */
		D4C178FD1E6C4918007419B9 /* Debug */ = {
			isa = XCBuildConfiguration;
			buildSettings = {
				ALWAYS_SEARCH_USER_PATHS = NO;
				CLANG_ANALYZER_NONNULL = YES;
				CLANG_CXX_LANGUAGE_STANDARD = "gnu++0x";
				CLANG_CXX_LIBRARY = "libc++";
				CLANG_ENABLE_MODULES = YES;
				CLANG_ENABLE_OBJC_ARC = YES;
				CLANG_WARN_BOOL_CONVERSION = YES;
				CLANG_WARN_CONSTANT_CONVERSION = YES;
				CLANG_WARN_DIRECT_OBJC_ISA_USAGE = YES_ERROR;
				CLANG_WARN_DOCUMENTATION_COMMENTS = YES;
				CLANG_WARN_EMPTY_BODY = YES;
				CLANG_WARN_ENUM_CONVERSION = YES;
				CLANG_WARN_INFINITE_RECURSION = YES;
				CLANG_WARN_INT_CONVERSION = YES;
				CLANG_WARN_OBJC_ROOT_CLASS = YES_ERROR;
				CLANG_WARN_SUSPICIOUS_MOVE = YES;
				CLANG_WARN_UNREACHABLE_CODE = YES;
				CLANG_WARN__DUPLICATE_METHOD_MATCH = YES;
				CODE_SIGN_IDENTITY = "-";
				COPY_PHASE_STRIP = NO;
				DEBUG_INFORMATION_FORMAT = dwarf;
				ENABLE_STRICT_OBJC_MSGSEND = YES;
				ENABLE_TESTABILITY = YES;
				GCC_C_LANGUAGE_STANDARD = gnu99;
				GCC_DYNAMIC_NO_PIC = NO;
				GCC_NO_COMMON_BLOCKS = YES;
				GCC_OPTIMIZATION_LEVEL = 0;
				GCC_PREPROCESSOR_DEFINITIONS = (
					"DEBUG=1",
					"$(inherited)",
				);
				GCC_WARN_64_TO_32_BIT_CONVERSION = YES;
				GCC_WARN_ABOUT_RETURN_TYPE = YES_ERROR;
				GCC_WARN_UNDECLARED_SELECTOR = YES;
				GCC_WARN_UNINITIALIZED_AUTOS = YES_AGGRESSIVE;
				GCC_WARN_UNUSED_FUNCTION = YES;
				GCC_WARN_UNUSED_VARIABLE = YES;
				MACOSX_DEPLOYMENT_TARGET = 10.12;
				MTL_ENABLE_DEBUG_INFO = YES;
				ONLY_ACTIVE_ARCH = YES;
				SDKROOT = macosx;
			};
			name = Debug;
		};
		D4C178FE1E6C4918007419B9 /* Release */ = {
			isa = XCBuildConfiguration;
			buildSettings = {
				ALWAYS_SEARCH_USER_PATHS = NO;
				CLANG_ANALYZER_NONNULL = YES;
				CLANG_CXX_LANGUAGE_STANDARD = "gnu++0x";
				CLANG_CXX_LIBRARY = "libc++";
				CLANG_ENABLE_MODULES = YES;
				CLANG_ENABLE_OBJC_ARC = YES;
				CLANG_WARN_BOOL_CONVERSION = YES;
				CLANG_WARN_CONSTANT_CONVERSION = YES;
				CLANG_WARN_DIRECT_OBJC_ISA_USAGE = YES_ERROR;
				CLANG_WARN_DOCUMENTATION_COMMENTS = YES;
				CLANG_WARN_EMPTY_BODY = YES;
				CLANG_WARN_ENUM_CONVERSION = YES;
				CLANG_WARN_INFINITE_RECURSION = YES;
				CLANG_WARN_INT_CONVERSION = YES;
				CLANG_WARN_OBJC_ROOT_CLASS = YES_ERROR;
				CLANG_WARN_SUSPICIOUS_MOVE = YES;
				CLANG_WARN_UNREACHABLE_CODE = YES;
				CLANG_WARN__DUPLICATE_METHOD_MATCH = YES;
				CODE_SIGN_IDENTITY = "-";
				COPY_PHASE_STRIP = NO;
				DEBUG_INFORMATION_FORMAT = "dwarf-with-dsym";
				ENABLE_NS_ASSERTIONS = NO;
				ENABLE_STRICT_OBJC_MSGSEND = YES;
				GCC_C_LANGUAGE_STANDARD = gnu99;
				GCC_NO_COMMON_BLOCKS = YES;
				GCC_WARN_64_TO_32_BIT_CONVERSION = YES;
				GCC_WARN_ABOUT_RETURN_TYPE = YES_ERROR;
				GCC_WARN_UNDECLARED_SELECTOR = YES;
				GCC_WARN_UNINITIALIZED_AUTOS = YES_AGGRESSIVE;
				GCC_WARN_UNUSED_FUNCTION = YES;
				GCC_WARN_UNUSED_VARIABLE = YES;
				MACOSX_DEPLOYMENT_TARGET = 10.12;
				MTL_ENABLE_DEBUG_INFO = NO;
				SDKROOT = macosx;
			};
			name = Release;
		};
		D4C179001E6C4918007419B9 /* Debug */ = {
			isa = XCBuildConfiguration;
			buildSettings = {
				ASSETCATALOG_COMPILER_APPICON_NAME = AppIcon;
				COMBINE_HIDPI_IMAGES = YES;
				DEVELOPMENT_TEAM = 47A7JUUJ9E;
				FRAMEWORK_SEARCH_PATHS = (
					"$(inherited)",
					"$(PROJECT_DIR)/ExcelMergeTool",
				);
				INFOPLIST_FILE = ExcelMergeTool/Info.plist;
				LD_RUNPATH_SEARCH_PATHS = "$(inherited) @executable_path/../Frameworks";
				MACOSX_DEPLOYMENT_TARGET = 10.10;
				PRODUCT_BUNDLE_IDENTIFIER = "--.ExcelMergeTool";
				PRODUCT_NAME = "$(TARGET_NAME)";
			};
			name = Debug;
		};
		D4C179011E6C4918007419B9 /* Release */ = {
			isa = XCBuildConfiguration;
			buildSettings = {
				ASSETCATALOG_COMPILER_APPICON_NAME = AppIcon;
				COMBINE_HIDPI_IMAGES = YES;
				DEVELOPMENT_TEAM = 47A7JUUJ9E;
				FRAMEWORK_SEARCH_PATHS = (
					"$(inherited)",
					"$(PROJECT_DIR)/ExcelMergeTool",
				);
				INFOPLIST_FILE = ExcelMergeTool/Info.plist;
				LD_RUNPATH_SEARCH_PATHS = "$(inherited) @executable_path/../Frameworks";
				MACOSX_DEPLOYMENT_TARGET = 10.10;
				PRODUCT_BUNDLE_IDENTIFIER = "--.ExcelMergeTool";
				PRODUCT_NAME = "$(TARGET_NAME)";
			};
			name = Release;
		};
/* End XCBuildConfiguration section */

/* Begin XCConfigurationList section */
		D4C178E61E6C4918007419B9 /* Build configuration list for PBXProject "ExcelMergeTool" */ = {
			isa = XCConfigurationList;
			buildConfigurations = (
				D4C178FD1E6C4918007419B9 /* Debug */,
				D4C178FE1E6C4918007419B9 /* Release */,
			);
			defaultConfigurationIsVisible = 0;
			defaultConfigurationName = Release;
		};
		D4C178FF1E6C4918007419B9 /* Build configuration list for PBXNativeTarget "ExcelMergeTool" */ = {
			isa = XCConfigurationList;
			buildConfigurations = (
				D4C179001E6C4918007419B9 /* Debug */,
				D4C179011E6C4918007419B9 /* Release */,
			);
			defaultConfigurationIsVisible = 0;
			defaultConfigurationName = Release;
		};
/* End XCConfigurationList section */
	};
	rootObject = D4C178E31E6C4918007419B9 /* Project object */;
}
